%{"absinthe": {:hex, :absinthe, "1.2.0-alpha.2", "2e786c5d067f9f6252297622a93534564e8e536cb5f2a06c1ce628b0e1a08df6", [:mix], []},
  "decimal": {:hex, :decimal, "1.1.2", "79a769d4657b2d537b51ef3c02d29ab7141d2b486b516c109642d453ee08e00c", [:mix], []},
  "earmark": {:hex, :earmark, "0.2.1", "ba6d26ceb16106d069b289df66751734802777a3cbb6787026dd800ffeb850f3", [:mix], []},
  "ecto": {:hex, :ecto, "1.1.5", "5c181b737a650117466b0540aa323198a0fb9d518e52718ac2c299f4047187e1", [:mix], [{:decimal, "~> 1.0", [hex: :decimal, optional: false]}, {:mariaex, "~> 0.5.0 or ~> 0.6.0", [hex: :mariaex, optional: true]}, {:poison, "~> 1.0", [hex: :poison, optional: true]}, {:poolboy, "~> 1.4", [hex: :poolboy, optional: false]}, {:postgrex, "~> 0.11.0", [hex: :postgrex, optional: true]}, {:sbroker, "~> 0.7", [hex: :sbroker, optional: true]}]},
  "ex_doc": {:hex, :ex_doc, "0.11.5", "0dc51cb84f8312162a2313d6c71573a9afa332333d8a332bb12540861b9834db", [:mix], [{:earmark, "~> 0.1.17 or ~> 0.2", [hex: :earmark, optional: true]}]},
  "ex_spec": {:hex, :ex_spec, "1.0.0", "b1e791072fecbf80c725adf45e7cbdf3d96af3765638a1f1547824706ece4bc9", [:mix], []},
  "poison": {:hex, :poison, "1.5.0", "f2f4f460623a6f154683abae34352525e1d918380267cdbd949a07ba57503248", [:mix], []},
  "poolboy": {:hex, :poolboy, "1.5.1", "6b46163901cfd0a1b43d692657ed9d7e599853b3b21b95ae5ae0a777cf9b6ca8", [:rebar], []}}
